{
  "name": "zx playground",
  "version": "1.0.0",
  "lockfileVersion": 3,
  "requires": true,
  "packages": {
    "": {
      "name": "zx playground",
      "version": "1.0.0",
      "license": "GNU3",
      "dependencies": {
        "layout-architect": "^3.0.2"
      }
    },
    "node_modules/layout-architect": {
      "version": "3.0.2",
      "resolved": "https://registry.npmjs.org/layout-architect/-/layout-architect-3.0.2.tgz",
      "integrity": "sha512-2hCZw+rNqeQNwnj1PuiizRI5AvPFKZeZuethuNHvi7WeOqyubv/YttpvFQuSSNfD6o89ceH7vTYKbtyYsz1LWQ==",
      "license": "MIT"
    }
  }
}
